
Microsoft Visual Studio Solution File, Format Version 12.00
# Visual Studio Version 16
VisualStudioVersion = 16.0.32901.82
MinimumVisualStudioVersion = 10.0.40219.1
Project("{FAE04EC0-301F-11D3-BF4B-00C04F79EFBC}") = "projekt_2", "projekt_2\projekt_2.csproj", "{6B0C1310-DA2A-48C0-8CDF-2325940C1F5C}"
EndProject
Global
	GlobalSection(SolutionConfigurationPlatforms) = preSolution
		Debug|Any CPU = Debug|Any CPU
		Release|Any CPU = Release|Any CPU
	EndGlobalSection
	GlobalSection(ProjectConfigurationPlatforms) = postSolution
		{6B0C1310-DA2A-48C0-8CDF-2325940C1F5C}.Debug|Any CPU.ActiveCfg = Debug|Any CPU
		{6B0C1310-DA2A-48C0-8CDF-2325940C1F5C}.Debug|Any CPU.Build.0 = Debug|Any CPU
		{6B0C1310-DA2A-48C0-8CDF-2325940C1F5C}.Release|Any CPU.ActiveCfg = Release|Any CPU
		{6B0C1310-DA2A-48C0-8CDF-2325940C1F5C}.Release|Any CPU.Build.0 = Release|Any CPU
	EndGlobalSection
	GlobalSection(SolutionProperties) = preSolution
		HideSolutionNode = FALSE
	EndGlobalSection
	GlobalSection(ExtensibilityGlobals) = postSolution
		SolutionGuid = {4A84A2FA-492B-46E3-8A0E-58523CE48F54}
	EndGlobalSection
EndGlobal
